{
  "name": "dsh-skill-manager",
  "version": "0.3.7",
  "lockfileVersion": 3,
  "requires": true,
  "packages": {
    "": {
      "name": "dsh-skill-manager",
      "version": "0.3.7",
      "license": "MIT",
      "dependencies": {
        "7zip-bin-full": "26.3.1"
      },
      "engines": {
        "dsh": ">=0.1.7-rc.2",
        "node": ">=22.5"
      }
    },
    "node_modules/7zip-bin-full": {
      "version": "26.3.1",
      "resolved": "https://registry.npmjs.org/7zip-bin-full/-/7zip-bin-full-26.3.1.tgz",
      "integrity": "sha512-eQkOqeegQhBEqr8bw5czpPphFzyGtzDpQjJ9aNkQlypKHYw6SSDlnL9XVTMb4ZgqSb7Et9kc3yLZT7sZONOkQQ==",
      "license": "MIT"
    }
  }
}
